{
  "name": "test",
  "version": "0.1.0",
  "lockfileVersion": 2,
  "requires": true,
  "packages": {
    "": {
      "name": "test",
      "version": "0.1.0",
      "dependencies": {
        "@hai2007/algorithm": "^0.7.3"
      }
    },
    "node_modules/@hai2007/algorithm": {
      "version": "0.7.3",
      "resolved": "https://registry.npmjs.org/@hai2007/algorithm/-/algorithm-0.7.3.tgz",
      "integrity": "sha512-VCBG2OS3MxBLfMq6Vhq5HOP1Oy3RyCD+SNT4OLzr6EWdf2KuepLtYgVVWsSJfnaFTy3P8gmLP251yICTk/pPDg==",
      "dependencies": {
        "@hai2007/tool": "^0.9.1"
      }
    },
    "node_modules/@hai2007/tool": {
      "version": "0.9.3",
      "resolved": "https://registry.npmjs.org/@hai2007/tool/-/tool-0.9.3.tgz",
      "integrity": "sha512-nNoK8T+pPYsAFO1KbnWkKZe5S9SCrLlo46q83+as9KvR63CepTQ0ELCUX5OjfIAuwSzZiZDjYSN6Y/abKS8d8w=="
    }
  },
  "dependencies": {
    "@hai2007/algorithm": {
      "version": "0.7.3",
      "resolved": "https://registry.npmjs.org/@hai2007/algorithm/-/algorithm-0.7.3.tgz",
      "integrity": "sha512-VCBG2OS3MxBLfMq6Vhq5HOP1Oy3RyCD+SNT4OLzr6EWdf2KuepLtYgVVWsSJfnaFTy3P8gmLP251yICTk/pPDg==",
      "requires": {
        "@hai2007/tool": "^0.9.1"
      }
    },
    "@hai2007/tool": {
      "version": "0.9.3",
      "resolved": "https://registry.npmjs.org/@hai2007/tool/-/tool-0.9.3.tgz",
      "integrity": "sha512-nNoK8T+pPYsAFO1KbnWkKZe5S9SCrLlo46q83+as9KvR63CepTQ0ELCUX5OjfIAuwSzZiZDjYSN6Y/abKS8d8w=="
    }
  }
}
