{
    "name": "etcpack",
    "version": "0.8.3",
    "lockfileVersion": 2,
    "requires": true,
    "packages": {
        "": {
            "name": "etcpack",
            "version": "0.8.3",
            "license": "MIT",
            "dependencies": {
                "@etcpack/ws": "^0.2.1",
                "@hai2007/algorithm": "^0.7.5",
                "@hai2007/nodejs": "^3.0.0",
                "@hai2007/tool": "^1.2.0"
            },
            "bin": {
                "etcpack_dev": "bin/server",
                "etcpack_pkg": "bin/builder"
            }
        },
        "node_modules/@etcpack/ws": {
            "version": "0.2.1",
            "resolved": "https://registry.npmjs.org/@etcpack/ws/-/ws-0.2.1.tgz",
            "integrity": "sha512-IXj35u2mRfrnGFVT/hYLv3h7sy0ZMDLsO4M7qpvnlVSjWiLJrUieLrI1TzSu9x5Wfb01xyTE2bTFagykpSIV0A==",
            "license": "MIT",
            "dependencies": {
                "@hai2007/nodejs": "^2.1.0",
                "@hai2007/tool": "^1.0.0",
                "watch": "^1.0.2"
            }
        },
        "node_modules/@etcpack/ws/node_modules/@hai2007/nodejs": {
            "version": "2.3.0",
            "resolved": "https://mirrors.cloud.tencent.com/npm/@hai2007%2fnodejs/-/nodejs-2.3.0.tgz",
            "integrity": "sha512-1UkuCaNBjwE4h2QN0m4HyB1muSef3C0Xssg3IDULcSQKKRGkdjL59edi8Kid4otrkSlevwNjSvCssSDHyF8g2A==",
            "license": "MIT",
            "dependencies": {
                "@hai2007/tool": "^0.6.1"
            },
            "bin": {
                "nodejs": "bin/run"
            }
        },
        "node_modules/@etcpack/ws/node_modules/@hai2007/nodejs/node_modules/@hai2007/tool": {
            "version": "0.6.6",
            "resolved": "https://mirrors.cloud.tencent.com/npm/@hai2007%2ftool/-/tool-0.6.6.tgz",
            "integrity": "sha512-NY+oSmnB2ihepJBDFw+2S6vUvJ+lj9AtibioWBbkEn2w/QOY+wNKBT1xgg0nstxx5ljWLd2oS9WqOPY/q7rICA==",
            "license": "MIT"
        },
        "node_modules/@hai2007/algorithm": {
            "version": "0.7.5",
            "resolved": "https://mirrors.cloud.tencent.com/npm/@hai2007%2falgorithm/-/algorithm-0.7.5.tgz",
            "integrity": "sha512-49smsP6szJ5fMlynPUm/RO3WXGK4DYewZvD6aNf0LXJ3cfKl/lKoWDKC3iKHC2/iihNSWLzXzPDG1/fztY1mIg==",
            "license": "MIT",
            "dependencies": {
                "@hai2007/tool": "^1.2.0"
            }
        },
        "node_modules/@hai2007/nodejs": {
            "version": "3.0.0",
            "resolved": "https://mirrors.cloud.tencent.com/npm/@hai2007%2fnodejs/-/nodejs-3.0.0.tgz",
            "integrity": "sha512-CzQHdARFfu4xKdtdvHtbfA61o3VWlepHLIpp2LGM6E9J70jCtgwYR3KMvuCPaxLx8uW6vIL0OfK9buM8FpHBXQ==",
            "license": "MIT",
            "dependencies": {
                "@hai2007/tool": "^0.6.1"
            },
            "bin": {
                "nodejs": "bin/run"
            }
        },
        "node_modules/@hai2007/nodejs/node_modules/@hai2007/tool": {
            "version": "0.6.6",
            "resolved": "https://registry.npmjs.org/@hai2007/tool/-/tool-0.6.6.tgz",
            "integrity": "sha512-NY+oSmnB2ihepJBDFw+2S6vUvJ+lj9AtibioWBbkEn2w/QOY+wNKBT1xgg0nstxx5ljWLd2oS9WqOPY/q7rICA==",
            "license": "MIT"
        },
        "node_modules/@hai2007/tool": {
            "version": "1.2.0",
            "resolved": "https://mirrors.cloud.tencent.com/npm/@hai2007%2ftool/-/tool-1.2.0.tgz",
            "integrity": "sha512-Bq8hTQz4Bz5zvbfHZMhLmm+NCNVEuYqoYEYmGk4/5LKNkQyO/s8AIygZ7M+R850/hwEO61Vgo0F+In20qOd7uQ==",
            "license": "MIT"
        },
        "node_modules/exec-sh": {
            "version": "0.2.2",
            "resolved": "https://registry.npmjs.org/exec-sh/-/exec-sh-0.2.2.tgz",
            "integrity": "sha512-FIUCJz1RbuS0FKTdaAafAByGS0CPvU3R0MeHxgtl+djzCc//F8HakL8GzmVNZanasTbTAY/3DRFA0KpVqj/eAw==",
            "license": "MIT",
            "dependencies": {
                "merge": "^1.2.0"
            }
        },
        "node_modules/merge": {
            "version": "1.2.1",
            "resolved": "https://registry.npmjs.org/merge/-/merge-1.2.1.tgz",
            "integrity": "sha512-VjFo4P5Whtj4vsLzsYBu5ayHhoHJ0UqNm7ibvShmbmoz7tGi0vXaoJbGdB+GmDMLUdg8DpQXEIeVDAe8MaABvQ==",
            "license": "MIT"
        },
        "node_modules/minimist": {
            "version": "1.2.5",
            "resolved": "https://registry.npmjs.org/minimist/-/minimist-1.2.5.tgz",
            "integrity": "sha512-FM9nNUYrRBAELZQT3xeZQ7fmMOBg6nWNmJKTcgsJeaLstP/UODVpGsr5OhXhhXg6f+qtJ8uiZ+PUxkDWcgIXLw==",
            "license": "MIT"
        },
        "node_modules/watch": {
            "version": "1.0.2",
            "resolved": "https://registry.npmjs.org/watch/-/watch-1.0.2.tgz",
            "integrity": "sha1-NApxe952Vyb6CqB9ch4BR6VR3ww=",
            "license": "Apache-2.0",
            "dependencies": {
                "exec-sh": "^0.2.0",
                "minimist": "^1.2.0"
            },
            "bin": {
                "watch": "cli.js"
            },
            "engines": {
                "node": ">=0.1.95"
            }
        }
    },
    "dependencies": {
        "@etcpack/ws": {
            "version": "0.2.1",
            "resolved": "https://registry.npmjs.org/@etcpack/ws/-/ws-0.2.1.tgz",
            "integrity": "sha512-IXj35u2mRfrnGFVT/hYLv3h7sy0ZMDLsO4M7qpvnlVSjWiLJrUieLrI1TzSu9x5Wfb01xyTE2bTFagykpSIV0A==",
            "requires": {
                "@hai2007/nodejs": "^2.1.0",
                "@hai2007/tool": "^1.0.0",
                "watch": "^1.0.2"
            },
            "dependencies": {
                "@hai2007/nodejs": {
                    "version": "2.3.0",
                    "resolved": "https://mirrors.cloud.tencent.com/npm/@hai2007%2fnodejs/-/nodejs-2.3.0.tgz",
                    "integrity": "sha512-1UkuCaNBjwE4h2QN0m4HyB1muSef3C0Xssg3IDULcSQKKRGkdjL59edi8Kid4otrkSlevwNjSvCssSDHyF8g2A==",
                    "requires": {
                        "@hai2007/tool": "^0.6.1"
                    },
                    "dependencies": {
                        "@hai2007/tool": {
                            "version": "0.6.6",
                            "resolved": "https://mirrors.cloud.tencent.com/npm/@hai2007%2ftool/-/tool-0.6.6.tgz",
                            "integrity": "sha512-NY+oSmnB2ihepJBDFw+2S6vUvJ+lj9AtibioWBbkEn2w/QOY+wNKBT1xgg0nstxx5ljWLd2oS9WqOPY/q7rICA=="
                        }
                    }
                }
            }
        },
        "@hai2007/algorithm": {
            "version": "0.7.5",
            "resolved": "https://mirrors.cloud.tencent.com/npm/@hai2007%2falgorithm/-/algorithm-0.7.5.tgz",
            "integrity": "sha512-49smsP6szJ5fMlynPUm/RO3WXGK4DYewZvD6aNf0LXJ3cfKl/lKoWDKC3iKHC2/iihNSWLzXzPDG1/fztY1mIg==",
            "requires": {
                "@hai2007/tool": "^1.2.0"
            }
        },
        "@hai2007/nodejs": {
            "version": "3.0.0",
            "resolved": "https://mirrors.cloud.tencent.com/npm/@hai2007%2fnodejs/-/nodejs-3.0.0.tgz",
            "integrity": "sha512-CzQHdARFfu4xKdtdvHtbfA61o3VWlepHLIpp2LGM6E9J70jCtgwYR3KMvuCPaxLx8uW6vIL0OfK9buM8FpHBXQ==",
            "requires": {
                "@hai2007/tool": "^0.6.1"
            },
            "dependencies": {
                "@hai2007/tool": {
                    "version": "0.6.6",
                    "resolved": "https://registry.npmjs.org/@hai2007/tool/-/tool-0.6.6.tgz",
                    "integrity": "sha512-NY+oSmnB2ihepJBDFw+2S6vUvJ+lj9AtibioWBbkEn2w/QOY+wNKBT1xgg0nstxx5ljWLd2oS9WqOPY/q7rICA=="
                }
            }
        },
        "@hai2007/tool": {
            "version": "1.2.0",
            "resolved": "https://mirrors.cloud.tencent.com/npm/@hai2007%2ftool/-/tool-1.2.0.tgz",
            "integrity": "sha512-Bq8hTQz4Bz5zvbfHZMhLmm+NCNVEuYqoYEYmGk4/5LKNkQyO/s8AIygZ7M+R850/hwEO61Vgo0F+In20qOd7uQ=="
        },
        "exec-sh": {
            "version": "0.2.2",
            "resolved": "https://registry.npmjs.org/exec-sh/-/exec-sh-0.2.2.tgz",
            "integrity": "sha512-FIUCJz1RbuS0FKTdaAafAByGS0CPvU3R0MeHxgtl+djzCc//F8HakL8GzmVNZanasTbTAY/3DRFA0KpVqj/eAw==",
            "requires": {
                "merge": "^1.2.0"
            }
        },
        "merge": {
            "version": "1.2.1",
            "resolved": "https://registry.npmjs.org/merge/-/merge-1.2.1.tgz",
            "integrity": "sha512-VjFo4P5Whtj4vsLzsYBu5ayHhoHJ0UqNm7ibvShmbmoz7tGi0vXaoJbGdB+GmDMLUdg8DpQXEIeVDAe8MaABvQ=="
        },
        "minimist": {
            "version": "1.2.5",
            "resolved": "https://registry.npmjs.org/minimist/-/minimist-1.2.5.tgz",
            "integrity": "sha512-FM9nNUYrRBAELZQT3xeZQ7fmMOBg6nWNmJKTcgsJeaLstP/UODVpGsr5OhXhhXg6f+qtJ8uiZ+PUxkDWcgIXLw=="
        },
        "watch": {
            "version": "1.0.2",
            "resolved": "https://registry.npmjs.org/watch/-/watch-1.0.2.tgz",
            "integrity": "sha1-NApxe952Vyb6CqB9ch4BR6VR3ww=",
            "requires": {
                "exec-sh": "^0.2.0",
                "minimist": "^1.2.0"
            }
        }
    }
}
